# Generated by pub
# See https://dart.dev/tools/pub/glossary#lockfile
packages:
  bloc:
    dependency: transitive
    description:
      name: bloc
      url: "https://pub.dartlang.org"
    source: hosted
    version: "7.0.0"
  characters:
    dependency: transitive
    description:
      name: characters
      url: "https://pub.dartlang.org"
    source: hosted
    version: "1.1.0"
  collection:
    dependency: transitive
    description:
      name: collection
      url: "https://pub.dartlang.org"
    source: hosted
    version: "1.15.0"
  equatable:
    dependency: "direct main"
    description:
      name: equatable
      url: "https://pub.dartlang.org"
    source: hosted
    version: "2.0.3"
  flutter:
    dependency: "direct main"
    description: flutter
    source: sdk
    version: "0.0.0"
  flutter_riverpod:
    dependency: "direct main"
    description:
      name: flutter_riverpod
      url: "https://pub.dartlang.org"
    source: hosted
    version: "0.14.0+3"
  freezed_annotation:
    dependency: transitive
    description:
      name: freezed_annotation
      url: "https://pub.dartlang.org"
    source: hosted
    version: "0.14.0"
  json_annotation:
    dependency: transitive
    description:
      name: json_annotation
      url: "https://pub.dartlang.org"
    source: hosted
    version: "4.0.0"
  meta:
    dependency: transitive
    description:
      name: meta
      url: "https://pub.dartlang.org"
    source: hosted
    version: "1.7.0"
  riverbloc:
    dependency: "direct main"
    description:
      name: riverbloc
      url: "https://pub.dartlang.org"
    source: hosted
    version: "0.5.0"
  riverpod:
    dependency: transitive
    description:
      name: riverpod
      url: "https://pub.dartlang.org"
    source: hosted
    version: "0.14.0+3"
  sky_engine:
    dependency: transitive
    description: flutter
    source: sdk
    version: "0.0.99"
  state_notifier:
    dependency: transitive
    description:
      name: state_notifier
      url: "https://pub.dartlang.org"
    source: hosted
    version: "0.7.0"
  typed_data:
    dependency: transitive
    description:
      name: typed_data
      url: "https://pub.dartlang.org"
    source: hosted
    version: "1.3.0"
  vector_math:
    dependency: transitive
    description:
      name: vector_math
      url: "https://pub.dartlang.org"
    source: hosted
    version: "2.1.0"
  wave:
    dependency: "direct main"
    description:
      name: wave
      url: "https://pub.dartlang.org"
    source: hosted
    version: "0.2.0"
sdks:
  dart: ">=2.13.0 <3.0.0"
  flutter: ">=2.0.0"
