# Generated by pub
# See https://dart.dev/tools/pub/glossary#lockfile
packages:
  bloc:
    dependency: transitive
    description:
      name: bloc
      url: "https://pub.dartlang.org"
    source: hosted
    version: "8.1.0"
  characters:
    dependency: transitive
    description:
      name: characters
      url: "https://pub.dartlang.org"
    source: hosted
    version: "1.2.1"
  collection:
    dependency: transitive
    description:
      name: collection
      url: "https://pub.dartlang.org"
    source: hosted
    version: "1.16.0"
  equatable:
    dependency: "direct main"
    description:
      name: equatable
      url: "https://pub.dartlang.org"
    source: hosted
    version: "2.0.3"
  flutter:
    dependency: "direct main"
    description: flutter
    source: sdk
    version: "0.0.0"
  flutter_riverpod:
    dependency: "direct main"
    description:
      name: flutter_riverpod
      url: "https://pub.dartlang.org"
    source: hosted
    version: "2.1.1"
  material_color_utilities:
    dependency: transitive
    description:
      name: material_color_utilities
      url: "https://pub.dartlang.org"
    source: hosted
    version: "0.1.5"
  meta:
    dependency: transitive
    description:
      name: meta
      url: "https://pub.dartlang.org"
    source: hosted
    version: "1.8.0"
  path:
    dependency: transitive
    description:
      name: path
      url: "https://pub.dartlang.org"
    source: hosted
    version: "1.8.2"
  riverbloc:
    dependency: "direct main"
    description:
      name: riverbloc
      url: "https://pub.dartlang.org"
    source: hosted
    version: "2.0.0"
  riverpod:
    dependency: transitive
    description:
      name: riverpod
      url: "https://pub.dartlang.org"
    source: hosted
    version: "2.1.1"
  sky_engine:
    dependency: transitive
    description: flutter
    source: sdk
    version: "0.0.99"
  stack_trace:
    dependency: transitive
    description:
      name: stack_trace
      url: "https://pub.dartlang.org"
    source: hosted
    version: "1.11.0"
  state_notifier:
    dependency: transitive
    description:
      name: state_notifier
      url: "https://pub.dartlang.org"
    source: hosted
    version: "0.7.0"
  vector_math:
    dependency: transitive
    description:
      name: vector_math
      url: "https://pub.dartlang.org"
    source: hosted
    version: "2.1.2"
  wave:
    dependency: "direct main"
    description:
      name: wave
      url: "https://pub.dartlang.org"
    source: hosted
    version: "0.2.0"
sdks:
  dart: ">=2.18.0 <3.0.0"
  flutter: ">=3.0.0"
